
Microsoft Visual Studio Solution File, Format Version 12.00
# Visual Studio Version 16
VisualStudioVersion = 16.0.31729.503
MinimumVisualStudioVersion = 10.0.40219.1
Project("{FAE04EC0-301F-11D3-BF4B-00C04F79EFBC}") = "SalesWebMvc", "SalesWebMvc\SalesWebMvc.csproj", "{7A978AAF-07A3-429C-AE59-A6B6DE1639DA}"
EndProject
Global
	GlobalSection(SolutionConfigurationPlatforms) = preSolution
		Debug|Any CPU = Debug|Any CPU
		Release|Any CPU = Release|Any CPU
	EndGlobalSection
	GlobalSection(ProjectConfigurationPlatforms) = postSolution
		{7A978AAF-07A3-429C-AE59-A6B6DE1639DA}.Debug|Any CPU.ActiveCfg = Debug|Any CPU
		{7A978AAF-07A3-429C-AE59-A6B6DE1639DA}.Debug|Any CPU.Build.0 = Debug|Any CPU
		{7A978AAF-07A3-429C-AE59-A6B6DE1639DA}.Release|Any CPU.ActiveCfg = Release|Any CPU
		{7A978AAF-07A3-429C-AE59-A6B6DE1639DA}.Release|Any CPU.Build.0 = Release|Any CPU
	EndGlobalSection
	GlobalSection(SolutionProperties) = preSolution
		HideSolutionNode = FALSE
	EndGlobalSection
	GlobalSection(ExtensibilityGlobals) = postSolution
		SolutionGuid = {34CCB5FA-9D94-4CBA-83DE-CC6C08E3D52B}
	EndGlobalSection
EndGlobal
